github.com/bmizerany/aws4 v0.0.0-20141025110357-5fb2e7239626 h1:+BShUYeLVWnZfJBzodJp3Y+pMsKZzYEwWItSoL+r61s=
github.com/bmizerany/aws4 v0.0.0-20141025110357-5fb2e7239626/go.mod h1:1qbMWKr5WUBWWACRFRTMcN2ntzeuWyevPq0e1YplD3Y=
github.com/heroku/log-shuttle v0.16.5 h1:0hIFtmEgAxV0lpAZptX7NJHaea3fgE2h9cTcSrdsnqE=
github.com/heroku/log-shuttle v0.16.5/go.mod h1:5qBQ1vus2YC1BoauVXJ5hKTwpINBgmSdGCnO9wAuQVk=
github.com/pborman/uuid v0.0.0-20160209185913-a97ce2ca70fa h1:l8VQbMdmwFH37kOOaWQ/cw24/u8AuBz5lUym13Wcu0Y=
github.com/pborman/uuid v0.0.0-20160209185913-a97ce2ca70fa/go.mod h1:VyrYX9gd7irzKovcSS6BIIEwPRkP2Wm2m9ufcdFSJ34=
github.com/rcrowley/go-metrics v0.0.0-20161128210544-1f30fe9094a5 h1:gwcdIpH6NU2iF8CmcqD+CP6+1CkRBOhHaPR+iu6raBY=
github.com/rcrowley/go-metrics v0.0.0-20161128210544-1f30fe9094a5/go.mod h1:bCqnVzQkZxMG4s8nGwiZ5l3QUCyqpo9Y+/ZMZ9VjZe4=
github.com/stretchr/objx v0.5.3/go.mod h1:rDQraq+vQZU7Fde9LOZLr8Tax6zZvy4kuNKF+QYS+U0=
github.com/stretchr/testify v1.12.1 h1:EuwCh5fleGS7H32xRwO3wRGT7DxrDhLAT6FF8MpWDWE=
github.com/stretchr/testify v1.12.1/go.mod h1:MDEgiDPPsNp5cuIrHPPCyornHKgEVbtFUmoNlxoYthg=
go.yaml.in/yaml/v3 v3.0.5 h1:N6y/pJk8buWs9NY5ERU2HSMfm+IuD/OtfdAnq6kESPw=
go.yaml.in/yaml/v3 v3.0.5/go.mod h1:HVTZu1O7/Vkt2N+BFy8Zza+lnLsABggaTM2ZpNIGuKg=
